// !$*UTF8*$!
{
	archiveVersion = 1;
	classes = {
	};
	objectVersion = 48;
	objects = {

/* Begin PBXBuildFile section */
		E1F56C1A202AF9930062DE8D /* AppDelegate.m in Sources */ = {isa = PBXBuildFile; fileRef = E1F56C19202AF9930062DE8D /* AppDelegate.m */; };
		E1F56C1D202AF9930062DE8D /* ViewController.m in Sources */ = {isa = PBXBuildFile; fileRef = E1F56C1C202AF9930062DE8D /* ViewController.m */; };
		E1F56C20202AF9930062DE8D /* Main.storyboard in Resources */ = {isa = PBXBuildFile; fileRef = E1F56C1E202AF9930062DE8D /* Main.storyboard */; };
		E1F56C23202AF9930062DE8D /* HiplaRetail.xcdatamodeld in Sources */ = {isa = PBXBuildFile; fileRef = E1F56C21202AF9930062DE8D /* HiplaRetail.xcdatamodeld */; };
		E1F56C25202AF9930062DE8D /* Assets.xcassets in Resources */ = {isa = PBXBuildFile; fileRef = E1F56C24202AF9930062DE8D /* Assets.xcassets */; };
		E1F56C28202AF9930062DE8D /* LaunchScreen.storyboard in Resources */ = {isa = PBXBuildFile; fileRef = E1F56C26202AF9930062DE8D /* LaunchScreen.storyboard */; };
		E1F56C2B202AF9930062DE8D /* main.m in Sources */ = {isa = PBXBuildFile; fileRef = E1F56C2A202AF9930062DE8D /* main.m */; };
		E1F56C35202AF9930062DE8D /* HiplaRetailTests.m in Sources */ = {isa = PBXBuildFile; fileRef = E1F56C34202AF9930062DE8D /* HiplaRetailTests.m */; };
		E1F56C40202AF9930062DE8D /* HiplaRetailUITests.m in Sources */ = {isa = PBXBuildFile; fileRef = E1F56C3F202AF9930062DE8D /* HiplaRetailUITests.m */; };
/* End PBXBuildFile section */

/* Begin PBXContainerItemProxy section */
		E1F56C31202AF9930062DE8D /* PBXContainerItemProxy */ = {
			isa = PBXContainerItemProxy;
			containerPortal = E1F56C0D202AF9930062DE8D /* Project object */;
			proxyType = 1;
			remoteGlobalIDString = E1F56C14202AF9930062DE8D;
			remoteInfo = HiplaRetail;
		};
		E1F56C3C202AF9930062DE8D /* PBXContainerItemProxy */ = {
			isa = PBXContainerItemProxy;
			containerPortal = E1F56C0D202AF9930062DE8D /* Project object */;
			proxyType = 1;
			remoteGlobalIDString = E1F56C14202AF9930062DE8D;
			remoteInfo = HiplaRetail;
		};
/* End PBXContainerItemProxy section */

/* Begin PBXFileReference section */
		E1F56C15202AF9930062DE8D /* HiplaRetail.app */ = {isa = PBXFileReference; explicitFileType = wrapper.application; includeInIndex = 0; path = HiplaRetail.app; sourceTree = BUILT_PRODUCTS_DIR; };
		E1F56C18202AF9930062DE8D /* AppDelegate.h */ = {isa = PBXFileReference; lastKnownFileType = sourcecode.c.h; path = AppDelegate.h; sourceTree = "<group>"; };
		E1F56C19202AF9930062DE8D /* AppDelegate.m */ = {isa = PBXFileReference; lastKnownFileType = sourcecode.c.objc; path = AppDelegate.m; sourceTree = "<group>"; };
		E1F56C1B202AF9930062DE8D /* ViewController.h */ = {isa = PBXFileReference; lastKnownFileType = sourcecode.c.h; path = ViewController.h; sourceTree = "<group>"; };
		E1F56C1C202AF9930062DE8D /* ViewController.m */ = {isa = PBXFileReference; lastKnownFileType = sourcecode.c.objc; path = ViewController.m; sourceTree = "<group>"; };
		E1F56C1F202AF9930062DE8D /* Base */ = {isa = PBXFileReference; lastKnownFileType = file.storyboard; name = Base; path = Base.lproj/Main.storyboard; sourceTree = "<group>"; };
		E1F56C22202AF9930062DE8D /* HiplaRetail.xcdatamodel */ = {isa = PBXFileReference; lastKnownFileType = wrapper.xcdatamodel; path = HiplaRetail.xcdatamodel; sourceTree = "<group>"; };
		E1F56C24202AF9930062DE8D /* Assets.xcassets */ = {isa = PBXFileReference; lastKnownFileType = folder.assetcatalog; path = Assets.xcassets; sourceTree = "<group>"; };
		E1F56C27202AF9930062DE8D /* Base */ = {isa = PBXFileReference; lastKnownFileType = file.storyboard; name = Base; path = Base.lproj/LaunchScreen.storyboard; sourceTree = "<group>"; };
		E1F56C29202AF9930062DE8D /* Info.plist */ = {isa = PBXFileReference; lastKnownFileType = text.plist.xml; path = Info.plist; sourceTree = "<group>"; };
		E1F56C2A202AF9930062DE8D /* main.m */ = {isa = PBXFileReference; lastKnownFileType = sourcecode.c.objc; path = main.m; sourceTree = "<group>"; };
		E1F56C30202AF9930062DE8D /* HiplaRetailTests.xctest */ = {isa = PBXFileReference; explicitFileType = wrapper.cfbundle; includeInIndex = 0; path = HiplaRetailTests.xctest; sourceTree = BUILT_PRODUCTS_DIR; };
		E1F56C34202AF9930062DE8D /* HiplaRetailTests.m */ = {isa = PBXFileReference; lastKnownFileType = sourcecode.c.objc; path = HiplaRetailTests.m; sourceTree = "<group>"; };
		E1F56C36202AF9930062DE8D /* Info.plist */ = {isa = PBXFileReference; lastKnownFileType = text.plist.xml; path = Info.plist; sourceTree = "<group>"; };
		E1F56C3B202AF9930062DE8D /* HiplaRetailUITests.xctest */ = {isa = PBXFileReference; explicitFileType = wrapper.cfbundle; includeInIndex = 0; path = HiplaRetailUITests.xctest; sourceTree = BUILT_PRODUCTS_DIR; };
		E1F56C3F202AF9930062DE8D /* HiplaRetailUITests.m */ = {isa = PBXFileReference; lastKnownFileType = sourcecode.c.objc; path = HiplaRetailUITests.m; sourceTree = "<group>"; };
		E1F56C41202AF9930062DE8D /* Info.plist */ = {isa = PBXFileReference; lastKnownFileType = text.plist.xml; path = Info.plist; sourceTree = "<group>"; };
/* End PBXFileReference section */

/* Begin PBXFrameworksBuildPhase section */
		E1F56C12202AF9930062DE8D /* Frameworks */ = {
			isa = PBXFrameworksBuildPhase;
			buildActionMask = 2147483647;
			files = (
			);
			runOnlyForDeploymentPostprocessing = 0;
		};
		E1F56C2D202AF9930062DE8D /* Frameworks */ = {
			isa = PBXFrameworksBuildPhase;
			buildActionMask = 2147483647;
			files = (
			);
			runOnlyForDeploymentPostprocessing = 0;
		};
		E1F56C38202AF9930062DE8D /* Frameworks */ = {
			isa = PBXFrameworksBuildPhase;
			buildActionMask = 2147483647;
			files = (
			);
			runOnlyForDeploymentPostprocessing = 0;
		};
/* End PBXFrameworksBuildPhase section */

/* Begin PBXGroup section */
		E1F56C0C202AF9930062DE8D = {
			isa = PBXGroup;
			children = (
				E1F56C17202AF9930062DE8D /* HiplaRetail */,
				E1F56C33202AF9930062DE8D /* HiplaRetailTests */,
				E1F56C3E202AF9930062DE8D /* HiplaRetailUITests */,
				E1F56C16202AF9930062DE8D /* Products */,
			);
			sourceTree = "<group>";
		};
		E1F56C16202AF9930062DE8D /* Products */ = {
			isa = PBXGroup;
			children = (
				E1F56C15202AF9930062DE8D /* HiplaRetail.app */,
				E1F56C30202AF9930062DE8D /* HiplaRetailTests.xctest */,
				E1F56C3B202AF9930062DE8D /* HiplaRetailUITests.xctest */,
			);
			name = Products;
			sourceTree = "<group>";
		};
		E1F56C17202AF9930062DE8D /* HiplaRetail */ = {
			isa = PBXGroup;
			children = (
				E1F56C18202AF9930062DE8D /* AppDelegate.h */,
				E1F56C19202AF9930062DE8D /* AppDelegate.m */,
				E1F56C1B202AF9930062DE8D /* ViewController.h */,
				E1F56C1C202AF9930062DE8D /* ViewController.m */,
				E1F56C1E202AF9930062DE8D /* Main.storyboard */,
				E1F56C24202AF9930062DE8D /* Assets.xcassets */,
				E1F56C26202AF9930062DE8D /* LaunchScreen.storyboard */,
				E1F56C29202AF9930062DE8D /* Info.plist */,
				E1F56C2A202AF9930062DE8D /* main.m */,
				E1F56C21202AF9930062DE8D /* HiplaRetail.xcdatamodeld */,
			);
			path = HiplaRetail;
			sourceTree = "<group>";
		};
		E1F56C33202AF9930062DE8D /* HiplaRetailTests */ = {
			isa = PBXGroup;
			children = (
				E1F56C34202AF9930062DE8D /* HiplaRetailTests.m */,
				E1F56C36202AF9930062DE8D /* Info.plist */,
			);
			path = HiplaRetailTests;
			sourceTree = "<group>";
		};
		E1F56C3E202AF9930062DE8D /* HiplaRetailUITests */ = {
			isa = PBXGroup;
			children = (
				E1F56C3F202AF9930062DE8D /* HiplaRetailUITests.m */,
				E1F56C41202AF9930062DE8D /* Info.plist */,
			);
			path = HiplaRetailUITests;
			sourceTree = "<group>";
		};
/* End PBXGroup section */

/* Begin PBXNativeTarget section */
		E1F56C14202AF9930062DE8D /* HiplaRetail */ = {
			isa = PBXNativeTarget;
			buildConfigurationList = E1F56C44202AF9930062DE8D /* Build configuration list for PBXNativeTarget "HiplaRetail" */;
			buildPhases = (
				E1F56C11202AF9930062DE8D /* Sources */,
				E1F56C12202AF9930062DE8D /* Frameworks */,
				E1F56C13202AF9930062DE8D /* Resources */,
			);
			buildRules = (
			);
			dependencies = (
			);
			name = HiplaRetail;
			productName = HiplaRetail;
			productReference = E1F56C15202AF9930062DE8D /* HiplaRetail.app */;
			productType = "com.apple.product-type.application";
		};
		E1F56C2F202AF9930062DE8D /* HiplaRetailTests */ = {
			isa = PBXNativeTarget;
			buildConfigurationList = E1F56C47202AF9930062DE8D /* Build configuration list for PBXNativeTarget "HiplaRetailTests" */;
			buildPhases = (
				E1F56C2C202AF9930062DE8D /* Sources */,
				E1F56C2D202AF9930062DE8D /* Frameworks */,
				E1F56C2E202AF9930062DE8D /* Resources */,
			);
			buildRules = (
			);
			dependencies = (
				E1F56C32202AF9930062DE8D /* PBXTargetDependency */,
			);
			name = HiplaRetailTests;
			productName = HiplaRetailTests;
			productReference = E1F56C30202AF9930062DE8D /* HiplaRetailTests.xctest */;
			productType = "com.apple.product-type.bundle.unit-test";
		};
		E1F56C3A202AF9930062DE8D /* HiplaRetailUITests */ = {
			isa = PBXNativeTarget;
			buildConfigurationList = E1F56C4A202AF9930062DE8D /* Build configuration list for PBXNativeTarget "HiplaRetailUITests" */;
			buildPhases = (
				E1F56C37202AF9930062DE8D /* Sources */,
				E1F56C38202AF9930062DE8D /* Frameworks */,
				E1F56C39202AF9930062DE8D /* Resources */,
			);
			buildRules = (
			);
			dependencies = (
				E1F56C3D202AF9930062DE8D /* PBXTargetDependency */,
			);
			name = HiplaRetailUITests;
			productName = HiplaRetailUITests;
			productReference = E1F56C3B202AF9930062DE8D /* HiplaRetailUITests.xctest */;
			productType = "com.apple.product-type.bundle.ui-testing";
		};
/* End PBXNativeTarget section */

/* Begin PBXProject section */
		E1F56C0D202AF9930062DE8D /* Project object */ = {
			isa = PBXProject;
			attributes = {
				LastUpgradeCheck = 0920;
				ORGANIZATIONNAME = fnspl3;
				TargetAttributes = {
					E1F56C14202AF9930062DE8D = {
						CreatedOnToolsVersion = 9.2;
						ProvisioningStyle = Automatic;
					};
					E1F56C2F202AF9930062DE8D = {
						CreatedOnToolsVersion = 9.2;
						ProvisioningStyle = Automatic;
						TestTargetID = E1F56C14202AF9930062DE8D;
					};
					E1F56C3A202AF9930062DE8D = {
						CreatedOnToolsVersion = 9.2;
						ProvisioningStyle = Automatic;
						TestTargetID = E1F56C14202AF9930062DE8D;
					};
				};
			};
			buildConfigurationList = E1F56C10202AF9930062DE8D /* Build configuration list for PBXProject "HiplaRetail" */;
			compatibilityVersion = "Xcode 8.0";
			developmentRegion = en;
			hasScannedForEncodings = 0;
			knownRegions = (
				en,
				Base,
			);
			mainGroup = E1F56C0C202AF9930062DE8D;
			productRefGroup = E1F56C16202AF9930062DE8D /* Products */;
			projectDirPath = "";
			projectRoot = "";
			targets = (
				E1F56C14202AF9930062DE8D /* HiplaRetail */,
				E1F56C2F202AF9930062DE8D /* HiplaRetailTests */,
				E1F56C3A202AF9930062DE8D /* HiplaRetailUITests */,
			);
		};
/* End PBXProject section */

/* Begin PBXResourcesBuildPhase section */
		E1F56C13202AF9930062DE8D /* Resources */ = {
			isa = PBXResourcesBuildPhase;
			buildActionMask = 2147483647;
			files = (
				E1F56C28202AF9930062DE8D /* LaunchScreen.storyboard in Resources */,
				E1F56C25202AF9930062DE8D /* Assets.xcassets in Resources */,
				E1F56C20202AF9930062DE8D /* Main.storyboard in Resources */,
			);
			runOnlyForDeploymentPostprocessing = 0;
		};
		E1F56C2E202AF9930062DE8D /* Resources */ = {
			isa = PBXResourcesBuildPhase;
			buildActionMask = 2147483647;
			files = (
			);
			runOnlyForDeploymentPostprocessing = 0;
		};
		E1F56C39202AF9930062DE8D /* Resources */ = {
			isa = PBXResourcesBuildPhase;
			buildActionMask = 2147483647;
			files = (
			);
			runOnlyForDeploymentPostprocessing = 0;
		};
/* End PBXResourcesBuildPhase section */

/* Begin PBXSourcesBuildPhase section */
		E1F56C11202AF9930062DE8D /* Sources */ = {
			isa = PBXSourcesBuildPhase;
			buildActionMask = 2147483647;
			files = (
				E1F56C23202AF9930062DE8D /* HiplaRetail.xcdatamodeld in Sources */,
				E1F56C1D202AF9930062DE8D /* ViewController.m in Sources */,
				E1F56C2B202AF9930062DE8D /* main.m in Sources */,
				E1F56C1A202AF9930062DE8D /* AppDelegate.m in Sources */,
			);
			runOnlyForDeploymentPostprocessing = 0;
		};
		E1F56C2C202AF9930062DE8D /* Sources */ = {
			isa = PBXSourcesBuildPhase;
			buildActionMask = 2147483647;
			files = (
				E1F56C35202AF9930062DE8D /* HiplaRetailTests.m in Sources */,
			);
			runOnlyForDeploymentPostprocessing = 0;
		};
		E1F56C37202AF9930062DE8D /* Sources */ = {
			isa = PBXSourcesBuildPhase;
			buildActionMask = 2147483647;
			files = (
				E1F56C40202AF9930062DE8D /* HiplaRetailUITests.m in Sources */,
			);
			runOnlyForDeploymentPostprocessing = 0;
		};
/* End PBXSourcesBuildPhase section */

/* Begin PBXTargetDependency section */
		E1F56C32202AF9930062DE8D /* PBXTargetDependency */ = {
			isa = PBXTargetDependency;
			target = E1F56C14202AF9930062DE8D /* HiplaRetail */;
			targetProxy = E1F56C31202AF9930062DE8D /* PBXContainerItemProxy */;
		};
		E1F56C3D202AF9930062DE8D /* PBXTargetDependency */ = {
			isa = PBXTargetDependency;
			target = E1F56C14202AF9930062DE8D /* HiplaRetail */;
			targetProxy = E1F56C3C202AF9930062DE8D /* PBXContainerItemProxy */;
		};
/* End PBXTargetDependency section */

/* Begin PBXVariantGroup section */
		E1F56C1E202AF9930062DE8D /* Main.storyboard */ = {
			isa = PBXVariantGroup;
			children = (
				E1F56C1F202AF9930062DE8D /* Base */,
			);
			name = Main.storyboard;
			sourceTree = "<group>";
		};
		E1F56C26202AF9930062DE8D /* LaunchScreen.storyboard */ = {
			isa = PBXVariantGroup;
			children = (
				E1F56C27202AF9930062DE8D /* Base */,
			);
			name = LaunchScreen.storyboard;
			sourceTree = "<group>";
		};
/* End PBXVariantGroup section */

/* Begin XCBuildConfiguration section */
		E1F56C42202AF9930062DE8D /* Debug */ = {
			isa = XCBuildConfiguration;
			buildSettings = {
				ALWAYS_SEARCH_USER_PATHS = NO;
				CLANG_ANALYZER_NONNULL = YES;
				CLANG_ANALYZER_NUMBER_OBJECT_CONVERSION = YES_AGGRESSIVE;
				CLANG_CXX_LANGUAGE_STANDARD = "gnu++14";
				CLANG_CXX_LIBRARY = "libc++";
				CLANG_ENABLE_MODULES = YES;
				CLANG_ENABLE_OBJC_ARC = YES;
				CLANG_WARN_BLOCK_CAPTURE_AUTORELEASING = YES;
				CLANG_WARN_BOOL_CONVERSION = YES;
				CLANG_WARN_COMMA = YES;
				CLANG_WARN_CONSTANT_CONVERSION = YES;
				CLANG_WARN_DIRECT_OBJC_ISA_USAGE = YES_ERROR;
				CLANG_WARN_DOCUMENTATION_COMMENTS = YES;
				CLANG_WARN_EMPTY_BODY = YES;
				CLANG_WARN_ENUM_CONVERSION = YES;
				CLANG_WARN_INFINITE_RECURSION = YES;
				CLANG_WARN_INT_CONVERSION = YES;
				CLANG_WARN_NON_LITERAL_NULL_CONVERSION = YES;
				CLANG_WARN_OBJC_LITERAL_CONVERSION = YES;
				CLANG_WARN_OBJC_ROOT_CLASS = YES_ERROR;
				CLANG_WARN_RANGE_LOOP_ANALYSIS = YES;
				CLANG_WARN_STRICT_PROTOTYPES = YES;
				CLANG_WARN_SUSPICIOUS_MOVE = YES;
				CLANG_WARN_UNGUARDED_AVAILABILITY = YES_AGGRESSIVE;
				CLANG_WARN_UNREACHABLE_CODE = YES;
				CLANG_WARN__DUPLICATE_METHOD_MATCH = YES;
				CODE_SIGN_IDENTITY = "iPhone Developer";
				COPY_PHASE_STRIP = NO;
				DEBUG_INFORMATION_FORMAT = dwarf;
				ENABLE_STRICT_OBJC_MSGSEND = YES;
				ENABLE_TESTABILITY = YES;
				GCC_C_LANGUAGE_STANDARD = gnu11;
				GCC_DYNAMIC_NO_PIC = NO;
				GCC_NO_COMMON_BLOCKS = YES;
				GCC_OPTIMIZATION_LEVEL = 0;
				GCC_PREPROCESSOR_DEFINITIONS = (
					"DEBUG=1",
					"$(inherited)",
				);
				GCC_WARN_64_TO_32_BIT_CONVERSION = YES;
				GCC_WARN_ABOUT_RETURN_TYPE = YES_ERROR;
				GCC_WARN_UNDECLARED_SELECTOR = YES;
				GCC_WARN_UNINITIALIZED_AUTOS = YES_AGGRESSIVE;
				GCC_WARN_UNUSED_FUNCTION = YES;
				GCC_WARN_UNUSED_VARIABLE = YES;
				IPHONEOS_DEPLOYMENT_TARGET = 11.2;
				MTL_ENABLE_DEBUG_INFO = YES;
				ONLY_ACTIVE_ARCH = YES;
				SDKROOT = iphoneos;
			};
			name = Debug;
		};
		E1F56C43202AF9930062DE8D /* Release */ = {
			isa = XCBuildConfiguration;
			buildSettings = {
				ALWAYS_SEARCH_USER_PATHS = NO;
				CLANG_ANALYZER_NONNULL = YES;
				CLANG_ANALYZER_NUMBER_OBJECT_CONVERSION = YES_AGGRESSIVE;
				CLANG_CXX_LANGUAGE_STANDARD = "gnu++14";
				CLANG_CXX_LIBRARY = "libc++";
				CLANG_ENABLE_MODULES = YES;
				CLANG_ENABLE_OBJC_ARC = YES;
				CLANG_WARN_BLOCK_CAPTURE_AUTORELEASING = YES;
				CLANG_WARN_BOOL_CONVERSION = YES;
				CLANG_WARN_COMMA = YES;
				CLANG_WARN_CONSTANT_CONVERSION = YES;
				CLANG_WARN_DIRECT_OBJC_ISA_USAGE = YES_ERROR;
				CLANG_WARN_DOCUMENTATION_COMMENTS = YES;
				CLANG_WARN_EMPTY_BODY = YES;
				CLANG_WARN_ENUM_CONVERSION = YES;
				CLANG_WARN_INFINITE_RECURSION = YES;
				CLANG_WARN_INT_CONVERSION = YES;
				CLANG_WARN_NON_LITERAL_NULL_CONVERSION = YES;
				CLANG_WARN_OBJC_LITERAL_CONVERSION = YES;
				CLANG_WARN_OBJC_ROOT_CLASS = YES_ERROR;
				CLANG_WARN_RANGE_LOOP_ANALYSIS = YES;
				CLANG_WARN_STRICT_PROTOTYPES = YES;
				CLANG_WARN_SUSPICIOUS_MOVE = YES;
				CLANG_WARN_UNGUARDED_AVAILABILITY = YES_AGGRESSIVE;
				CLANG_WARN_UNREACHABLE_CODE = YES;
				CLANG_WARN__DUPLICATE_METHOD_MATCH = YES;
				CODE_SIGN_IDENTITY = "iPhone Developer";
				COPY_PHASE_STRIP = NO;
				DEBUG_INFORMATION_FORMAT = "dwarf-with-dsym";
				ENABLE_NS_ASSERTIONS = NO;
				ENABLE_STRICT_OBJC_MSGSEND = YES;
				GCC_C_LANGUAGE_STANDARD = gnu11;
				GCC_NO_COMMON_BLOCKS = YES;
				GCC_WARN_64_TO_32_BIT_CONVERSION = YES;
				GCC_WARN_ABOUT_RETURN_TYPE = YES_ERROR;
				GCC_WARN_UNDECLARED_SELECTOR = YES;
				GCC_WARN_UNINITIALIZED_AUTOS = YES_AGGRESSIVE;
				GCC_WARN_UNUSED_FUNCTION = YES;
				GCC_WARN_UNUSED_VARIABLE = YES;
				IPHONEOS_DEPLOYMENT_TARGET = 11.2;
				MTL_ENABLE_DEBUG_INFO = NO;
				SDKROOT = iphoneos;
				VALIDATE_PRODUCT = YES;
			};
			name = Release;
		};
		E1F56C45202AF9930062DE8D /* Debug */ = {
			isa = XCBuildConfiguration;
			buildSettings = {
				ASSETCATALOG_COMPILER_APPICON_NAME = AppIcon;
				CODE_SIGN_STYLE = Automatic;
				DEVELOPMENT_TEAM = 9324V4QSDU;
				INFOPLIST_FILE = HiplaRetail/Info.plist;
				LD_RUNPATH_SEARCH_PATHS = "$(inherited) @executable_path/Frameworks";
				PRODUCT_BUNDLE_IDENTIFIER = com.fnspl.HiplaRetail;
				PRODUCT_NAME = "$(TARGET_NAME)";
				TARGETED_DEVICE_FAMILY = "1,2";
			};
			name = Debug;
		};
		E1F56C46202AF9930062DE8D /* Release */ = {
			isa = XCBuildConfiguration;
			buildSettings = {
				ASSETCATALOG_COMPILER_APPICON_NAME = AppIcon;
				CODE_SIGN_STYLE = Automatic;
				DEVELOPMENT_TEAM = 9324V4QSDU;
				INFOPLIST_FILE = HiplaRetail/Info.plist;
				LD_RUNPATH_SEARCH_PATHS = "$(inherited) @executable_path/Frameworks";
				PRODUCT_BUNDLE_IDENTIFIER = com.fnspl.HiplaRetail;
				PRODUCT_NAME = "$(TARGET_NAME)";
				TARGETED_DEVICE_FAMILY = "1,2";
			};
			name = Release;
		};
		E1F56C48202AF9930062DE8D /* Debug */ = {
			isa = XCBuildConfiguration;
			buildSettings = {
				BUNDLE_LOADER = "$(TEST_HOST)";
				CODE_SIGN_STYLE = Automatic;
				DEVELOPMENT_TEAM = 9324V4QSDU;
				INFOPLIST_FILE = HiplaRetailTests/Info.plist;
				LD_RUNPATH_SEARCH_PATHS = "$(inherited) @executable_path/Frameworks @loader_path/Frameworks";
				PRODUCT_BUNDLE_IDENTIFIER = com.fnspl.HiplaRetailTests;
				PRODUCT_NAME = "$(TARGET_NAME)";
				TARGETED_DEVICE_FAMILY = "1,2";
				TEST_HOST = "$(BUILT_PRODUCTS_DIR)/HiplaRetail.app/HiplaRetail";
			};
			name = Debug;
		};
		E1F56C49202AF9930062DE8D /* Release */ = {
			isa = XCBuildConfiguration;
			buildSettings = {
				BUNDLE_LOADER = "$(TEST_HOST)";
				CODE_SIGN_STYLE = Automatic;
				DEVELOPMENT_TEAM = 9324V4QSDU;
				INFOPLIST_FILE = HiplaRetailTests/Info.plist;
				LD_RUNPATH_SEARCH_PATHS = "$(inherited) @executable_path/Frameworks @loader_path/Frameworks";
				PRODUCT_BUNDLE_IDENTIFIER = com.fnspl.HiplaRetailTests;
				PRODUCT_NAME = "$(TARGET_NAME)";
				TARGETED_DEVICE_FAMILY = "1,2";
				TEST_HOST = "$(BUILT_PRODUCTS_DIR)/HiplaRetail.app/HiplaRetail";
			};
			name = Release;
		};
		E1F56C4B202AF9930062DE8D /* Debug */ = {
			isa = XCBuildConfiguration;
			buildSettings = {
				CODE_SIGN_STYLE = Automatic;
				DEVELOPMENT_TEAM = 9324V4QSDU;
				INFOPLIST_FILE = HiplaRetailUITests/Info.plist;
				LD_RUNPATH_SEARCH_PATHS = "$(inherited) @executable_path/Frameworks @loader_path/Frameworks";
				PRODUCT_BUNDLE_IDENTIFIER = com.fnspl.HiplaRetailUITests;
				PRODUCT_NAME = "$(TARGET_NAME)";
				TARGETED_DEVICE_FAMILY = "1,2";
				TEST_TARGET_NAME = HiplaRetail;
			};
			name = Debug;
		};
		E1F56C4C202AF9930062DE8D /* Release */ = {
			isa = XCBuildConfiguration;
			buildSettings = {
				CODE_SIGN_STYLE = Automatic;
				DEVELOPMENT_TEAM = 9324V4QSDU;
				INFOPLIST_FILE = HiplaRetailUITests/Info.plist;
				LD_RUNPATH_SEARCH_PATHS = "$(inherited) @executable_path/Frameworks @loader_path/Frameworks";
				PRODUCT_BUNDLE_IDENTIFIER = com.fnspl.HiplaRetailUITests;
				PRODUCT_NAME = "$(TARGET_NAME)";
				TARGETED_DEVICE_FAMILY = "1,2";
				TEST_TARGET_NAME = HiplaRetail;
			};
			name = Release;
		};
/* End XCBuildConfiguration section */

/* Begin XCConfigurationList section */
		E1F56C10202AF9930062DE8D /* Build configuration list for PBXProject "HiplaRetail" */ = {
			isa = XCConfigurationList;
			buildConfigurations = (
				E1F56C42202AF9930062DE8D /* Debug */,
				E1F56C43202AF9930062DE8D /* Release */,
			);
			defaultConfigurationIsVisible = 0;
			defaultConfigurationName = Release;
		};
		E1F56C44202AF9930062DE8D /* Build configuration list for PBXNativeTarget "HiplaRetail" */ = {
			isa = XCConfigurationList;
			buildConfigurations = (
				E1F56C45202AF9930062DE8D /* Debug */,
				E1F56C46202AF9930062DE8D /* Release */,
			);
			defaultConfigurationIsVisible = 0;
			defaultConfigurationName = Release;
		};
		E1F56C47202AF9930062DE8D /* Build configuration list for PBXNativeTarget "HiplaRetailTests" */ = {
			isa = XCConfigurationList;
			buildConfigurations = (
				E1F56C48202AF9930062DE8D /* Debug */,
				E1F56C49202AF9930062DE8D /* Release */,
			);
			defaultConfigurationIsVisible = 0;
			defaultConfigurationName = Release;
		};
		E1F56C4A202AF9930062DE8D /* Build configuration list for PBXNativeTarget "HiplaRetailUITests" */ = {
			isa = XCConfigurationList;
			buildConfigurations = (
				E1F56C4B202AF9930062DE8D /* Debug */,
				E1F56C4C202AF9930062DE8D /* Release */,
			);
			defaultConfigurationIsVisible = 0;
			defaultConfigurationName = Release;
		};
/* End XCConfigurationList section */

/* Begin XCVersionGroup section */
		E1F56C21202AF9930062DE8D /* HiplaRetail.xcdatamodeld */ = {
			isa = XCVersionGroup;
			children = (
				E1F56C22202AF9930062DE8D /* HiplaRetail.xcdatamodel */,
			);
			currentVersion = E1F56C22202AF9930062DE8D /* HiplaRetail.xcdatamodel */;
			path = HiplaRetail.xcdatamodeld;
			sourceTree = "<group>";
			versionGroupType = wrapper.xcdatamodel;
		};
/* End XCVersionGroup section */
	};
	rootObject = E1F56C0D202AF9930062DE8D /* Project object */;
}
